
Microsoft Visual Studio Solution File, Format Version 12.00
# Visual Studio Version 16
VisualStudioVersion = 16.0.29230.47
MinimumVisualStudioVersion = 10.0.40219.1
Project("{FAE04EC0-301F-11D3-BF4B-00C04F79EFBC}") = "NExpertSystem", "NExpertSystem\NExpertSystem.csproj", "{5393995E-6D29-48E8-895E-11B27FE3075F}"
EndProject
Project("{FAE04EC0-301F-11D3-BF4B-00C04F79EFBC}") = "NExpertSystem.Sample", "NExpertSystem.Sample\NExpertSystem.Sample.csproj", "{D1981704-F6F5-4B98-91BE-69833F692C32}"
EndProject
Global
	GlobalSection(SolutionConfigurationPlatforms) = preSolution
		Debug|Any CPU = Debug|Any CPU
		Release|Any CPU = Release|Any CPU
	EndGlobalSection
	GlobalSection(ProjectConfigurationPlatforms) = postSolution
		{5393995E-6D29-48E8-895E-11B27FE3075F}.Debug|Any CPU.ActiveCfg = Debug|Any CPU
		{5393995E-6D29-48E8-895E-11B27FE3075F}.Debug|Any CPU.Build.0 = Debug|Any CPU
		{5393995E-6D29-48E8-895E-11B27FE3075F}.Release|Any CPU.ActiveCfg = Release|Any CPU
		{5393995E-6D29-48E8-895E-11B27FE3075F}.Release|Any CPU.Build.0 = Release|Any CPU
		{D1981704-F6F5-4B98-91BE-69833F692C32}.Debug|Any CPU.ActiveCfg = Debug|Any CPU
		{D1981704-F6F5-4B98-91BE-69833F692C32}.Debug|Any CPU.Build.0 = Debug|Any CPU
		{D1981704-F6F5-4B98-91BE-69833F692C32}.Release|Any CPU.ActiveCfg = Release|Any CPU
		{D1981704-F6F5-4B98-91BE-69833F692C32}.Release|Any CPU.Build.0 = Release|Any CPU
	EndGlobalSection
	GlobalSection(SolutionProperties) = preSolution
		HideSolutionNode = FALSE
	EndGlobalSection
	GlobalSection(ExtensibilityGlobals) = postSolution
		SolutionGuid = {A28AFCE8-C7DB-4C57-AA67-41DA1C44D821}
	EndGlobalSection
EndGlobal
